# THIS IS AN AUTOGENERATED FILE. DO NOT EDIT THIS FILE DIRECTLY.
# yarn lockfile v1


"@babel/helper-string-parser@^7.25.9":
  version "7.25.9"
  resolved "https://registry.npmjs.org/@babel/helper-string-parser/-/helper-string-parser-7.25.9.tgz"
  integrity sha512-4A/SCr/2KLd5jrtOMFzaKjVtAei3+2r/NChoBNoZ3EyP/+GlhoaEGoWOZUmFmoITP7zOJyHIMm+DYRd8o3PvHA==

"@babel/helper-validator-identifier@^7.25.9":
  version "7.25.9"
  resolved "https://registry.npmjs.org/@babel/helper-validator-identifier/-/helper-validator-identifier-7.25.9.tgz"
  integrity sha512-Ed61U6XJc3CVRfkERJWDz4dJwKe7iLmmJsbOGu9wSloNSFttHV0I8g6UAgb7qnK5ly5bGLPd4oXZlxCdANBOWQ==

"@babel/parser@^7.25.3":
  version "7.26.5"
  resolved "https://registry.npmjs.org/@babel/parser/-/parser-7.26.5.tgz"
  integrity sha512-SRJ4jYmXRqV1/Xc+TIVG84WjHBXKlxO9sHQnA2Pf12QQEAp1LOh6kDzNHXcUnbH1QI0FDoPPVOt+vyUDucxpaw==
  dependencies:
    "@babel/types" "^7.26.5"

"@babel/types@^7.26.5":
  version "7.26.5"
  resolved "https://registry.npmjs.org/@babel/types/-/types-7.26.5.tgz"
  integrity sha512-L6mZmwFDK6Cjh1nRCLXpa6no13ZIioJDz7mdkzHv399pThrTa/k0nUlNaenOeh2kWu/iaOQYElEpKPUswUa9Vg==
  dependencies:
    "@babel/helper-string-parser" "^7.25.9"
    "@babel/helper-validator-identifier" "^7.25.9"

"@css-render/plugin-bem@^0.15.14":
  version "0.15.14"
  resolved "https://registry.npmjs.org/@css-render/plugin-bem/-/plugin-bem-0.15.14.tgz"
  integrity sha512-QK513CJ7yEQxm/P3EwsI+d+ha8kSOcjGvD6SevM41neEMxdULE+18iuQK6tEChAWMOQNQPLG/Rw3Khb69r5neg==

"@css-render/vue3-ssr@^0.15.10", "@css-render/vue3-ssr@^0.15.14":
  version "0.15.14"
  resolved "https://registry.npmjs.org/@css-render/vue3-ssr/-/vue3-ssr-0.15.14.tgz"
  integrity sha512-//8027GSbxE9n3QlD73xFY6z4ZbHbvrOVB7AO6hsmrEzGbg+h2A09HboUyDgu+xsmj7JnvJD39Irt+2D0+iV8g==

"@emotion/hash@~0.8.0":
  version "0.8.0"
  resolved "https://registry.npmjs.org/@emotion/hash/-/hash-0.8.0.tgz"
  integrity sha512-kBJtf7PH6aWwZ6fka3zQ0p6SBYzx4fl1LoZXE2RrnYST9Xljm7WfKJrU4g/Xr3Beg72MLrp1AWNUmuYJTL7Cow==

"@jridgewell/sourcemap-codec@^1.5.0":
  version "1.5.0"
  resolved "https://registry.npmjs.org/@jridgewell/sourcemap-codec/-/sourcemap-codec-1.5.0.tgz"
  integrity sha512-gv3ZRaISU3fjPAgNsriBRqGWQL6quFx04YMPW/zD8XMLsU32mhCCbfbO6KZFLjvYpCZ8zyDEgqsgf+PwPaM7GQ==

"@juggle/resize-observer@^3.3.1":
  version "3.4.0"
  resolved "https://registry.npmjs.org/@juggle/resize-observer/-/resize-observer-3.4.0.tgz"
  integrity sha512-dfLbk+PwWvFzSxwk3n5ySL0hfBog779o8h68wK/7/APo/7cgyWp5jcXockbxdk5kFRkbeXWm4Fbi9FrdN381sA==

"@types/katex@^0.16.2":
  version "0.16.7"
  resolved "https://registry.npmjs.org/@types/katex/-/katex-0.16.7.tgz"
  integrity sha512-HMwFiRujE5PjrgwHQ25+bsLJgowjGjm5Z8FVSf0N6PwgJrwxH0QxzHYDcKsTfV3wva0vzrpqMTJS2jXPr5BMEQ==

"@types/lodash-es@^4.17.9":
  version "4.17.12"
  resolved "https://registry.npmjs.org/@types/lodash-es/-/lodash-es-4.17.12.tgz"
  integrity sha512-0NgftHUcV4v34VhXm8QBSftKVXtbkBG3ViCjs6+eJ5a6y6Mi/jiFGPc1sC7QK+9BFhWrURE3EOggmWaSxL9OzQ==
  dependencies:
    "@types/lodash" "*"

"@types/lodash@*", "@types/lodash@^4.14.198":
  version "4.17.14"
  resolved "https://registry.npmjs.org/@types/lodash/-/lodash-4.17.14.tgz"
  integrity sha512-jsxagdikDiDBeIRaPYtArcT8my4tN1og7MtMRquFT3XNA6axxyHDRUemqDz/taRDdOUn0GnGHRCuff4q48sW9A==

"@vicons/ionicons5@^0.13.0":
  version "0.13.0"
  resolved "https://registry.npmjs.org/@vicons/ionicons5/-/ionicons5-0.13.0.tgz"
  integrity sha512-zvZKBPjEXKN7AXNo2Na2uy+nvuv6SP4KAMQxpKL2vfHMj0fSvuw7JZcOPCjQC3e7ayssKnaoFVAhbYcW6v41qQ==

"@vitejs/plugin-vue@^3.0.1":
  version "3.2.0"
  resolved "https://registry.npmjs.org/@vitejs/plugin-vue/-/plugin-vue-3.2.0.tgz"
  integrity sha512-E0tnaL4fr+qkdCNxJ+Xd0yM31UwMkQje76fsDVBBUCoGOUPexu2VDUYHL8P4CwV+zMvWw6nlRw19OnRKmYAJpw==

"@vue/compiler-core@3.5.13":
  version "3.5.13"
  resolved "https://registry.npmjs.org/@vue/compiler-core/-/compiler-core-3.5.13.tgz"
  integrity sha512-oOdAkwqUfW1WqpwSYJce06wvt6HljgY3fGeM9NcVA1HaYOij3mZG9Rkysn0OHuyUAGMbEbARIpsG+LPVlBJ5/Q==
  dependencies:
    "@babel/parser" "^7.25.3"
    "@vue/shared" "3.5.13"
    entities "^4.5.0"
    estree-walker "^2.0.2"
    source-map-js "^1.2.0"

"@vue/compiler-dom@3.5.13":
  version "3.5.13"
  resolved "https://registry.npmjs.org/@vue/compiler-dom/-/compiler-dom-3.5.13.tgz"
  integrity sha512-ZOJ46sMOKUjO3e94wPdCzQ6P1Lx/vhp2RSvfaab88Ajexs0AHeV0uasYhi99WPaogmBlRHNRuly8xV75cNTMDA==
  dependencies:
    "@vue/compiler-core" "3.5.13"
    "@vue/shared" "3.5.13"

"@vue/compiler-sfc@3.5.13":
  version "3.5.13"
  resolved "https://registry.npmjs.org/@vue/compiler-sfc/-/compiler-sfc-3.5.13.tgz"
  integrity sha512-6VdaljMpD82w6c2749Zhf5T9u5uLBWKnVue6XWxprDobftnletJ8+oel7sexFfM3qIxNmVE7LSFGTpv6obNyaQ==
  dependencies:
    "@babel/parser" "^7.25.3"
    "@vue/compiler-core" "3.5.13"
    "@vue/compiler-dom" "3.5.13"
    "@vue/compiler-ssr" "3.5.13"
    "@vue/shared" "3.5.13"
    estree-walker "^2.0.2"
    magic-string "^0.30.11"
    postcss "^8.4.48"
    source-map-js "^1.2.0"

"@vue/compiler-ssr@3.5.13":
  version "3.5.13"
  resolved "https://registry.npmjs.org/@vue/compiler-ssr/-/compiler-ssr-3.5.13.tgz"
  integrity sha512-wMH6vrYHxQl/IybKJagqbquvxpWCuVYpoUJfCqFZwa/JY1GdATAQ+TgVtgrwwMZ0D07QhA99rs/EAAWfvG6KpA==
  dependencies:
    "@vue/compiler-dom" "3.5.13"
    "@vue/shared" "3.5.13"

"@vue/devtools-api@^6.6.4":
  version "6.6.4"
  resolved "https://registry.npmjs.org/@vue/devtools-api/-/devtools-api-6.6.4.tgz"
  integrity sha512-sGhTPMuXqZ1rVOk32RylztWkfXTRhuS7vgAKv0zjqk8gbsHkJ7xfFf+jbySxt7tWObEJwyKaHMikV/WGDiQm8g==

"@vue/reactivity@3.5.13":
  version "3.5.13"
  resolved "https://registry.npmjs.org/@vue/reactivity/-/reactivity-3.5.13.tgz"
  integrity sha512-NaCwtw8o48B9I6L1zl2p41OHo/2Z4wqYGGIK1Khu5T7yxrn+ATOixn/Udn2m+6kZKB/J7cuT9DbWWhRxqixACg==
  dependencies:
    "@vue/shared" "3.5.13"

"@vue/runtime-core@3.5.13":
  version "3.5.13"
  resolved "https://registry.npmjs.org/@vue/runtime-core/-/runtime-core-3.5.13.tgz"
  integrity sha512-Fj4YRQ3Az0WTZw1sFe+QDb0aXCerigEpw418pw1HBUKFtnQHWzwojaukAs2X/c9DQz4MQ4bsXTGlcpGxU/RCIw==
  dependencies:
    "@vue/reactivity" "3.5.13"
    "@vue/shared" "3.5.13"

"@vue/runtime-dom@3.5.13":
  version "3.5.13"
  resolved "https://registry.npmjs.org/@vue/runtime-dom/-/runtime-dom-3.5.13.tgz"
  integrity sha512-dLaj94s93NYLqjLiyFzVs9X6dWhTdAlEAciC3Moq7gzAc13VJUdCnjjRurNM6uTLFATRHexHCTu/Xp3eW6yoog==
  dependencies:
    "@vue/reactivity" "3.5.13"
    "@vue/runtime-core" "3.5.13"
    "@vue/shared" "3.5.13"
    csstype "^3.1.3"

"@vue/server-renderer@3.5.13":
  version "3.5.13"
  resolved "https://registry.npmjs.org/@vue/server-renderer/-/server-renderer-3.5.13.tgz"
  integrity sha512-wAi4IRJV/2SAW3htkTlB+dHeRmpTiVIK1OGLWV1yeStVSebSQQOwGwIq0D3ZIoBj2C2qpgz5+vX9iEBkTdk5YA==
  dependencies:
    "@vue/compiler-ssr" "3.5.13"
    "@vue/shared" "3.5.13"

"@vue/shared@3.5.13":
  version "3.5.13"
  resolved "https://registry.npmjs.org/@vue/shared/-/shared-3.5.13.tgz"
  integrity sha512-/hnE/qP5ZoGpol0a5mDi45bOd7t3tjYJBjsgCsivow7D48cJeV5l05RD82lPqi7gRiphZM37rnhW1l6ZoCNNnQ==

async-validator@^4.2.5:
  version "4.2.5"
  resolved "https://registry.npmjs.org/async-validator/-/async-validator-4.2.5.tgz"
  integrity sha512-7HhHjtERjqlNbZtqNqy2rckN/SpOOlmDliet+lP7k+eKZEjPk3DgyeU9lIXLdeLz0uBbbVp+9Qdow9wJWgwwfg==

asynckit@^0.4.0:
  version "0.4.0"
  resolved "https://registry.npmjs.org/asynckit/-/asynckit-0.4.0.tgz"
  integrity sha512-Oei9OH4tRh0YqU3GxhX79dM/mwVgvbZJaSNaRk+bshkj0S5cfHcgYakreBjrHwatXKbz+IoIdYLxrKim2MjW0Q==

axios@^0.27.2:
  version "0.27.2"
  resolved "https://registry.npmjs.org/axios/-/axios-0.27.2.tgz"
  integrity sha512-t+yRIyySRTp/wua5xEr+z1q60QmLq8ABsS5O9Me1AsE5dfKqgnCFzwiCZZ/cGNd1lq4/7akDWMxdhVlucjmnOQ==
  dependencies:
    follow-redirects "^1.14.9"
    form-data "^4.0.0"

charenc@0.0.2:
  version "0.0.2"
  resolved "https://registry.npmjs.org/charenc/-/charenc-0.0.2.tgz"
  integrity sha512-yrLQ/yVUFXkzg7EDQsPieE/53+0RlaWTs+wBrvW36cyilJ2SaDWfl4Yj7MtLTXleV9uEKefbAGUPv2/iWSooRA==

combined-stream@^1.0.8:
  version "1.0.8"
  resolved "https://registry.npmjs.org/combined-stream/-/combined-stream-1.0.8.tgz"
  integrity sha512-FQN4MRfuJeHf7cBbBMJFXhKSDq+2kAArBlmRBvcvFE5BB1HZKXtSFASDhdlz9zOYwxh8lDdnvmMOe/+5cdoEdg==
  dependencies:
    delayed-stream "~1.0.0"

crypt@0.0.2:
  version "0.0.2"
  resolved "https://registry.npmjs.org/crypt/-/crypt-0.0.2.tgz"
  integrity sha512-mCxBlsHFYh9C+HVpiEacem8FEBnMXgU9gy4zmNC+SXAZNB/1idgp/aulFJ4FgCi7GPEVbfyng092GqL2k2rmow==

css-render@^0.15.10, css-render@^0.15.14, css-render@~0.15.14:
  version "0.15.14"
  resolved "https://registry.npmjs.org/css-render/-/css-render-0.15.14.tgz"
  integrity sha512-9nF4PdUle+5ta4W5SyZdLCCmFd37uVimSjg1evcTqKJCyvCEEj12WKzOSBNak6r4im4J4iYXKH1OWpUV5LBYFg==
  dependencies:
    "@emotion/hash" "~0.8.0"
    csstype "~3.0.5"

csstype@^3.1.3:
  version "3.1.3"
  resolved "https://registry.npmjs.org/csstype/-/csstype-3.1.3.tgz"
  integrity sha512-M1uQkMl8rQK/szD0LNhtqxIPLpimGm8sOBwU7lLnCpSbTyY3yeU1Vc7l4KT5zT4s/yOxHH5O7tIuuLOCnLADRw==

csstype@~3.0.5:
  version "3.0.11"
  resolved "https://registry.npmjs.org/csstype/-/csstype-3.0.11.tgz"
  integrity sha512-sa6P2wJ+CAbgyy4KFssIb/JNMLxFvKF1pCYCSXS8ZMuqZnMsrxqI2E5sPyoTpxoPU/gVZMzr2zjOfg8GIZOMsw==

date-fns-tz@^3.1.3:
  version "3.2.0"
  resolved "https://registry.npmjs.org/date-fns-tz/-/date-fns-tz-3.2.0.tgz"
  integrity sha512-sg8HqoTEulcbbbVXeg84u5UnlsQa8GS5QXMqjjYIhS4abEVVKIUwe0/l/UhrZdKaL/W5eWZNlbTeEIiOXTcsBQ==

"date-fns@^3.0.0 || ^4.0.0", date-fns@^3.6.0:
  version "3.6.0"
  resolved "https://registry.npmjs.org/date-fns/-/date-fns-3.6.0.tgz"
  integrity sha512-fRHTG8g/Gif+kSh50gaGEdToemgfj74aRX3swtiouboip5JDLAyDE9F11nHMIcvOaXeOC6D7SpNhi7uFyB7Uww==

delayed-stream@~1.0.0:
  version "1.0.0"
  resolved "https://registry.npmjs.org/delayed-stream/-/delayed-stream-1.0.0.tgz"
  integrity sha512-ZySD7Nf91aLB0RxL4KGrKHBXl7Eds1DAmEdcoVawXnLD7SDhpNgtuII2aAkg7a7QS41jxPSZ17p4VdGnMHk3MQ==

entities@^4.5.0:
  version "4.5.0"
  resolved "https://registry.npmjs.org/entities/-/entities-4.5.0.tgz"
  integrity sha512-V0hjH4dGPh9Ao5p0MoRY6BVqtwCjhz6vI5LT8AJ55H+4g9/4vbHx1I54fS0XuclLhDHArPQCiMjDxjaL8fPxhw==

esbuild-windows-64@0.15.18:
  version "0.15.18"
  resolved "https://registry.npmjs.org/esbuild-windows-64/-/esbuild-windows-64-0.15.18.tgz"
  integrity sha512-qinug1iTTaIIrCorAUjR0fcBk24fjzEedFYhhispP8Oc7SFvs+XeW3YpAKiKp8dRpizl4YYAhxMjlftAMJiaUw==

esbuild@^0.15.9:
  version "0.15.18"
  resolved "https://registry.npmjs.org/esbuild/-/esbuild-0.15.18.tgz"
  integrity sha512-x/R72SmW3sSFRm5zrrIjAhCeQSAWoni3CmHEqfQrZIQTM3lVCdehdwuIqaOtfC2slvpdlLa62GYoN8SxT23m6Q==
  optionalDependencies:
    "@esbuild/android-arm" "0.15.18"
    "@esbuild/linux-loong64" "0.15.18"
    esbuild-android-64 "0.15.18"
    esbuild-android-arm64 "0.15.18"
    esbuild-darwin-64 "0.15.18"
    esbuild-darwin-arm64 "0.15.18"
    esbuild-freebsd-64 "0.15.18"
    esbuild-freebsd-arm64 "0.15.18"
    esbuild-linux-32 "0.15.18"
    esbuild-linux-64 "0.15.18"
    esbuild-linux-arm "0.15.18"
    esbuild-linux-arm64 "0.15.18"
    esbuild-linux-mips64le "0.15.18"
    esbuild-linux-ppc64le "0.15.18"
    esbuild-linux-riscv64 "0.15.18"
    esbuild-linux-s390x "0.15.18"
    esbuild-netbsd-64 "0.15.18"
    esbuild-openbsd-64 "0.15.18"
    esbuild-sunos-64 "0.15.18"
    esbuild-windows-32 "0.15.18"
    esbuild-windows-64 "0.15.18"
    esbuild-windows-arm64 "0.15.18"

estree-walker@^2.0.2:
  version "2.0.2"
  resolved "https://registry.npmjs.org/estree-walker/-/estree-walker-2.0.2.tgz"
  integrity sha512-Rfkk/Mp/DL7JVje3u18FxFujQlTNR2q6QfMSMB7AvCBx91NGj/ba3kCfza0f6dVDbw7YlRf/nDrn7pQrCCyQ/w==

evtd@^0.2.2, evtd@^0.2.4:
  version "0.2.4"
  resolved "https://registry.npmjs.org/evtd/-/evtd-0.2.4.tgz"
  integrity sha512-qaeGN5bx63s/AXgQo8gj6fBkxge+OoLddLniox5qtLAEY5HSnuSlISXVPxnSae1dWblvTh4/HoMIB+mbMsvZzw==

follow-redirects@^1.14.9:
  version "1.15.9"
  resolved "https://registry.npmjs.org/follow-redirects/-/follow-redirects-1.15.9.tgz"
  integrity sha512-gew4GsXizNgdoRyqmyfMHyAmXsZDk6mHkSxZFCzW9gwlbtOW44CDtYavM+y+72qD/Vq2l550kMF52DT8fOLJqQ==

form-data@^4.0.0:
  version "4.0.1"
  resolved "https://registry.npmjs.org/form-data/-/form-data-4.0.1.tgz"
  integrity sha512-tzN8e4TX8+kkxGPK8D5u0FNmjPUjw3lwC9lSLxxoB/+GtsJG91CO8bSWy73APlgAZzZbXEYZJuxjkHH2w+Ezhw==
  dependencies:
    asynckit "^0.4.0"
    combined-stream "^1.0.8"
    mime-types "^2.1.12"

function-bind@^1.1.2:
  version "1.1.2"
  resolved "https://registry.npmjs.org/function-bind/-/function-bind-1.1.2.tgz"
  integrity sha512-7XHNxH7qX9xG5mIwxkhumTox/MIRNcOgDrxWsMt2pAr23WHp6MrRlN7FBSFpCpr+oVO0F744iUgR82nJMfG2SA==

hasown@^2.0.2:
  version "2.0.2"
  resolved "https://registry.npmjs.org/hasown/-/hasown-2.0.2.tgz"
  integrity sha512-0hJU9SCPvmMzIBdZFqNPXWa6dqh7WdH0cII9y+CyS8rG3nL48Bclra9HmKhVVUHyPWNH5Y7xDwAB7bfgSjkUMQ==
  dependencies:
    function-bind "^1.1.2"

highlight.js@^11.8.0:
  version "11.11.1"
  resolved "https://registry.npmjs.org/highlight.js/-/highlight.js-11.11.1.tgz"
  integrity sha512-Xwwo44whKBVCYoliBQwaPvtd/2tYFkRQtXDWj1nackaV2JPXx3L0+Jvd8/qCJ2p+ML0/XVkJ2q+Mr+UVdpJK5w==

is-buffer@~1.1.6:
  version "1.1.6"
  resolved "https://registry.npmjs.org/is-buffer/-/is-buffer-1.1.6.tgz"
  integrity sha512-NcdALwpXkTm5Zvvbk7owOUSvVvBKDgKP5/ewfXEznmQFfs4ZRmanOeKBTjRVjka3QFoN6XJ+9F3USqfHqTaU5w==

is-core-module@^2.16.0:
  version "2.16.1"
  resolved "https://registry.npmjs.org/is-core-module/-/is-core-module-2.16.1.tgz"
  integrity sha512-UfoeMA6fIJ8wTYFEUjelnaGI67v6+N7qXJEvQuIGa99l4xsCruSYOVSQ0uPANn4dAzm8lkYPaKLrrijLq7x23w==
  dependencies:
    hasown "^2.0.2"

lodash-es@^4.17.21:
  version "4.17.21"
  resolved "https://registry.npmjs.org/lodash-es/-/lodash-es-4.17.21.tgz"
  integrity sha512-mKnC+QJ9pWVzv+C4/U3rRsHapFfHvQFoFB92e52xeyGMcX6/OlIl78je1u8vePzYZSkkogMPJ2yjxxsb89cxyw==

lodash@^4.17.21:
  version "4.17.21"
  resolved "https://registry.npmjs.org/lodash/-/lodash-4.17.21.tgz"
  integrity sha512-v2kDEe57lecTulaDIuNTPy3Ry4gLGJ6Z1O3vE1krgXZNrsQ+LFTGHVxVjcXPs17LhbZVGedAJv8XZ1tvj5FvSg==

magic-string@^0.30.11:
  version "0.30.17"
  resolved "https://registry.npmjs.org/magic-string/-/magic-string-0.30.17.tgz"
  integrity sha512-sNPKHvyjVf7gyjwS4xGTaW/mCnF8wnjtifKBEhxfZ7E/S8tQ0rssrwGNn6q8JH/ohItJfSQp9mBtQYuTlH5QnA==
  dependencies:
    "@jridgewell/sourcemap-codec" "^1.5.0"

md5@^2.3.0:
  version "2.3.0"
  resolved "https://registry.npmjs.org/md5/-/md5-2.3.0.tgz"
  integrity sha512-T1GITYmFaKuO91vxyoQMFETst+O71VUPEU3ze5GNzDm0OWdP8v1ziTaAEPUr/3kLsY3Sftgz242A1SetQiDL7g==
  dependencies:
    charenc "0.0.2"
    crypt "0.0.2"
    is-buffer "~1.1.6"

mime-db@1.52.0:
  version "1.52.0"
  resolved "https://registry.npmjs.org/mime-db/-/mime-db-1.52.0.tgz"
  integrity sha512-sPU4uV7dYlvtWJxwwxHD0PuihVNiE7TyAbQ5SWxDCB9mUYvOgroQOwYQQOKPJ8CIbE+1ETVlOoK1UC2nU3gYvg==

mime-types@^2.1.12:
  version "2.1.35"
  resolved "https://registry.npmjs.org/mime-types/-/mime-types-2.1.35.tgz"
  integrity sha512-ZDY+bPm5zTTF+YpCrAU9nK0UgICYPT0QtT1NZWFv4s++TNkcgVaT0g6+4R2uI4MjQjzysHB1zxuWL50hzaeXiw==
  dependencies:
    mime-db "1.52.0"

naive-ui@^2.33.3:
  version "2.41.0"
  resolved "https://registry.npmjs.org/naive-ui/-/naive-ui-2.41.0.tgz"
  integrity sha512-KnmLg+xPLwXV8QVR7ZZ69eCjvel7R5vru8+eFe4VoAJHEgqAJgVph6Zno9K2IVQRpSF3GBGea3tjavslOR4FAA==
  dependencies:
    "@css-render/plugin-bem" "^0.15.14"
    "@css-render/vue3-ssr" "^0.15.14"
    "@types/katex" "^0.16.2"
    "@types/lodash" "^4.14.198"
    "@types/lodash-es" "^4.17.9"
    async-validator "^4.2.5"
    css-render "^0.15.14"
    csstype "^3.1.3"
    date-fns "^3.6.0"
    date-fns-tz "^3.1.3"
    evtd "^0.2.4"
    highlight.js "^11.8.0"
    lodash "^4.17.21"
    lodash-es "^4.17.21"
    seemly "^0.3.8"
    treemate "^0.3.11"
    vdirs "^0.1.8"
    vooks "^0.2.12"
    vueuc "^0.4.63"

nanoid@^3.3.7:
  version "3.3.8"
  resolved "https://registry.npmjs.org/nanoid/-/nanoid-3.3.8.tgz"
  integrity sha512-WNLf5Sd8oZxOm+TzppcYk8gVOgP+l58xNy58D0nbUnOxOWRWvlcCV4kUF7ltmI6PsrLl/BgKEyS4mqsGChFN0w==

path-parse@^1.0.7:
  version "1.0.7"
  resolved "https://registry.npmjs.org/path-parse/-/path-parse-1.0.7.tgz"
  integrity sha512-LDJzPVEEEPR+y48z93A0Ed0yXb8pAByGWo/k5YYdYgpY2/2EsOsksJrq7lOHxryrVOn1ejG6oAp8ahvOIQD8sw==

picocolors@^1.1.1:
  version "1.1.1"
  resolved "https://registry.npmjs.org/picocolors/-/picocolors-1.1.1.tgz"
  integrity sha512-xceH2snhtb5M9liqDsmEw56le376mTZkEX/jEb/RxNFyegNul7eNslCXP9FDj/Lcu0X8KEyMceP2ntpaHrDEVA==

postcss@^8.4.18, postcss@^8.4.48:
  version "8.4.49"
  resolved "https://registry.npmjs.org/postcss/-/postcss-8.4.49.tgz"
  integrity sha512-OCVPnIObs4N29kxTjzLfUryOkvZEq+pf8jTF0lg8E7uETuWHA+v7j3c/xJmiqpX450191LlmZfUKkXxkTry7nA==
  dependencies:
    nanoid "^3.3.7"
    picocolors "^1.1.1"
    source-map-js "^1.2.1"

resolve@^1.22.1:
  version "1.22.10"
  resolved "https://registry.npmjs.org/resolve/-/resolve-1.22.10.tgz"
  integrity sha512-NPRy+/ncIMeDlTAsuqwKIiferiawhefFJtkNSW0qZJEqMEb+qBt/77B/jGeeek+F0uOeN05CDa6HXbbIgtVX4w==
  dependencies:
    is-core-module "^2.16.0"
    path-parse "^1.0.7"
    supports-preserve-symlinks-flag "^1.0.0"

rollup@^2.79.1:
  version "2.79.2"
  resolved "https://registry.npmjs.org/rollup/-/rollup-2.79.2.tgz"
  integrity sha512-fS6iqSPZDs3dr/y7Od6y5nha8dW1YnbgtsyotCVvoFGKbERG++CVRFv1meyGDE1SNItQA8BrnCw7ScdAhRJ3XQ==
  optionalDependencies:
    fsevents "~2.3.2"

seemly@^0.3.6, seemly@^0.3.8:
  version "0.3.9"
  resolved "https://registry.npmjs.org/seemly/-/seemly-0.3.9.tgz"
  integrity sha512-bMLcaEqhIViiPbaumjLN8t1y+JpD/N8SiyYOyp0i0W6RgdyLWboIsUWAbZojF//JyerxPZR5Tgda+x3Pdne75A==

source-map-js@^1.2.0, source-map-js@^1.2.1:
  version "1.2.1"
  resolved "https://registry.npmjs.org/source-map-js/-/source-map-js-1.2.1.tgz"
  integrity sha512-UXWMKhLOwVKb728IUtQPXxfYU+usdybtUrK/8uGE8CQMvrhOpwvzDBwj0QhSL7MQc7vIsISBG8VQ8+IDQxpfQA==

supports-preserve-symlinks-flag@^1.0.0:
  version "1.0.0"
  resolved "https://registry.npmjs.org/supports-preserve-symlinks-flag/-/supports-preserve-symlinks-flag-1.0.0.tgz"
  integrity sha512-ot0WnXS9fgdkgIcePe6RHNk1WA8+muPa6cSjeR3V8K27q9BB1rTE3R1p7Hv0z1ZyAc8s6Vvv8DIyWf681MAt0w==

treemate@^0.3.11:
  version "0.3.11"
  resolved "https://registry.npmjs.org/treemate/-/treemate-0.3.11.tgz"
  integrity sha512-M8RGFoKtZ8dF+iwJfAJTOH/SM4KluKOKRJpjCMhI8bG3qB74zrFoArKZ62ll0Fr3mqkMJiQOmWYkdYgDeITYQg==

vdirs@^0.1.4, vdirs@^0.1.8:
  version "0.1.8"
  resolved "https://registry.npmjs.org/vdirs/-/vdirs-0.1.8.tgz"
  integrity sha512-H9V1zGRLQZg9b+GdMk8MXDN2Lva0zx72MPahDKc30v+DtwKjfyOSXWRIX4t2mhDubM1H09gPhWeth/BJWPHGUw==
  dependencies:
    evtd "^0.2.2"

vite@^3.0.0, vite@^3.0.4:
  version "3.2.11"
  resolved "https://registry.npmjs.org/vite/-/vite-3.2.11.tgz"
  integrity sha512-K/jGKL/PgbIgKCiJo5QbASQhFiV02X9Jh+Qq0AKCRCRKZtOTVi4t6wh75FDpGf2N9rYOnzH87OEFQNaFy6pdxQ==
  dependencies:
    esbuild "^0.15.9"
    postcss "^8.4.18"
    resolve "^1.22.1"
    rollup "^2.79.1"
  optionalDependencies:
    fsevents "~2.3.2"

vooks@^0.2.12, vooks@^0.2.4:
  version "0.2.12"
  resolved "https://registry.npmjs.org/vooks/-/vooks-0.2.12.tgz"
  integrity sha512-iox0I3RZzxtKlcgYaStQYKEzWWGAduMmq+jS7OrNdQo1FgGfPMubGL3uGHOU9n97NIvfFDBGnpSvkWyb/NSn/Q==
  dependencies:
    evtd "^0.2.2"

vue-router@^4.1.5:
  version "4.5.0"
  resolved "https://registry.npmjs.org/vue-router/-/vue-router-4.5.0.tgz"
  integrity sha512-HDuk+PuH5monfNuY+ct49mNmkCRK4xJAV9Ts4z9UFc4rzdDnxQLyCMGGc8pKhZhHTVzfanpNwB/lwqevcBwI4w==
  dependencies:
    "@vue/devtools-api" "^6.6.4"

vue@^3.0.0, vue@^3.0.11, vue@^3.2.0, vue@^3.2.25, vue@^3.2.37, vue@3.5.13:
  version "3.5.13"
  resolved "https://registry.npmjs.org/vue/-/vue-3.5.13.tgz"
  integrity sha512-wmeiSMxkZCSc+PM2w2VRsOYAZC8GdipNFRTsLSfodVqI9mbejKeXEGr8SckuLnrQPGe3oJN5c3K0vpoU9q/wCQ==
  dependencies:
    "@vue/compiler-dom" "3.5.13"
    "@vue/compiler-sfc" "3.5.13"
    "@vue/runtime-dom" "3.5.13"
    "@vue/server-renderer" "3.5.13"
    "@vue/shared" "3.5.13"

vueuc@^0.4.63:
  version "0.4.64"
  resolved "https://registry.npmjs.org/vueuc/-/vueuc-0.4.64.tgz"
  integrity sha512-wlJQj7fIwKK2pOEoOq4Aro8JdPOGpX8aWQhV8YkTW9OgWD2uj2O8ANzvSsIGjx7LTOc7QbS7sXdxHi6XvRnHPA==
  dependencies:
    "@css-render/vue3-ssr" "^0.15.10"
    "@juggle/resize-observer" "^3.3.1"
    css-render "^0.15.10"
    evtd "^0.2.4"
    seemly "^0.3.6"
    vdirs "^0.1.4"
    vooks "^0.2.4"
